PODS:
  - Alamofire (4.6.0)
  - BubbleTransition (2.0.2)
  - DynamicBlurView (2.0.2)
  - PopupDialog (0.7.0):
    - DynamicBlurView (~> 2.0)
  - Spring (1.0.3)
  - SquishButton (0.1)

DEPENDENCIES:
  - Alamofire (~> 4.5)
  - BubbleTransition (~> 2.0.0)
  - PopupDialog (~> 0.7)
  - Spring (from `https://github.com/MengTo/Spring.git`)
  - SquishButton (from `https://github.com/BalestraPatrick/SquishButton.git`)

EXTERNAL SOURCES:
  Spring:
    :git: https://github.com/MengTo/Spring.git
  SquishButton:
    :git: https://github.com/BalestraPatrick/SquishButton.git

CHECKOUT OPTIONS:
  Spring:
    :commit: e0b125b847de4a348dc6cb4fb5efc33e75af6587
    :git: https://github.com/MengTo/Spring.git
  SquishButton:
    :commit: d06106549a6c5c05923c7b013365b526e76077e1
    :git: https://github.com/BalestraPatrick/SquishButton.git

SPEC CHECKSUMS:
  Alamofire: f41a599bd63041760b26d393ec1069d9d7b917f4
  BubbleTransition: 7d98ed7d56f0940e83f350a98103ad473491c769
  DynamicBlurView: aa6db4defc6e537eb86fc5e58dd3991666178399
  PopupDialog: 4abc6db5b22b7c8029e2162bde8891ee6aa4b6c8
  Spring: 3f02b5dc3308572ef177b3cad0fa7bbc4b0706f7
  SquishButton: 7838c8c95ad6e4d75d177e2ad2508046924971fb

PODFILE CHECKSUM: 5e92f19703d81b7e90de8695a7b82256af32369e

COCOAPODS: 1.4.0
